
Microsoft Visual Studio Solution File, Format Version 12.00
# Visual Studio Version 17
VisualStudioVersion = 17.9.34622.214
MinimumVisualStudioVersion = 10.0.40219.1
Project("{FAE04EC0-301F-11D3-BF4B-00C04F79EFBC}") = "ConsoleApp26", "ConsoleApp26\ConsoleApp26.csproj", "{37AB778B-3239-4D7C-921A-C856E593E94B}"
EndProject
Global
	GlobalSection(SolutionConfigurationPlatforms) = preSolution
		Debug|Any CPU = Debug|Any CPU
		Release|Any CPU = Release|Any CPU
	EndGlobalSection
	GlobalSection(ProjectConfigurationPlatforms) = postSolution
		{37AB778B-3239-4D7C-921A-C856E593E94B}.Debug|Any CPU.ActiveCfg = Debug|Any CPU
		{37AB778B-3239-4D7C-921A-C856E593E94B}.Debug|Any CPU.Build.0 = Debug|Any CPU
		{37AB778B-3239-4D7C-921A-C856E593E94B}.Release|Any CPU.ActiveCfg = Release|Any CPU
		{37AB778B-3239-4D7C-921A-C856E593E94B}.Release|Any CPU.Build.0 = Release|Any CPU
	EndGlobalSection
	GlobalSection(SolutionProperties) = preSolution
		HideSolutionNode = FALSE
	EndGlobalSection
	GlobalSection(ExtensibilityGlobals) = postSolution
		SolutionGuid = {51E97427-D1CE-40D8-8A27-12F7790C8587}
	EndGlobalSection
EndGlobal
