
Microsoft Visual Studio Solution File, Format Version 12.00
# Visual Studio Version 17
VisualStudioVersion = 17.9.34622.214
MinimumVisualStudioVersion = 10.0.40219.1
Project("{FAE04EC0-301F-11D3-BF4B-00C04F79EFBC}") = "ConsoleApp24", "ConsoleApp24\ConsoleApp24.csproj", "{743883FE-3302-466C-981D-CCB7A561566A}"
EndProject
Global
	GlobalSection(SolutionConfigurationPlatforms) = preSolution
		Debug|Any CPU = Debug|Any CPU
		Release|Any CPU = Release|Any CPU
	EndGlobalSection
	GlobalSection(ProjectConfigurationPlatforms) = postSolution
		{743883FE-3302-466C-981D-CCB7A561566A}.Debug|Any CPU.ActiveCfg = Debug|Any CPU
		{743883FE-3302-466C-981D-CCB7A561566A}.Debug|Any CPU.Build.0 = Debug|Any CPU
		{743883FE-3302-466C-981D-CCB7A561566A}.Release|Any CPU.ActiveCfg = Release|Any CPU
		{743883FE-3302-466C-981D-CCB7A561566A}.Release|Any CPU.Build.0 = Release|Any CPU
	EndGlobalSection
	GlobalSection(SolutionProperties) = preSolution
		HideSolutionNode = FALSE
	EndGlobalSection
	GlobalSection(ExtensibilityGlobals) = postSolution
		SolutionGuid = {1078AFB7-ACBD-472E-8641-A35D84254754}
	EndGlobalSection
EndGlobal
