
Microsoft Visual Studio Solution File, Format Version 12.00
# Visual Studio Version 17
VisualStudioVersion = 17.9.34622.214
MinimumVisualStudioVersion = 10.0.40219.1
Project("{FAE04EC0-301F-11D3-BF4B-00C04F79EFBC}") = "ConsoleApp23", "ConsoleApp23\ConsoleApp23.csproj", "{72F5DF0F-DF61-420E-8C29-EE1641449043}"
EndProject
Global
	GlobalSection(SolutionConfigurationPlatforms) = preSolution
		Debug|Any CPU = Debug|Any CPU
		Release|Any CPU = Release|Any CPU
	EndGlobalSection
	GlobalSection(ProjectConfigurationPlatforms) = postSolution
		{72F5DF0F-DF61-420E-8C29-EE1641449043}.Debug|Any CPU.ActiveCfg = Debug|Any CPU
		{72F5DF0F-DF61-420E-8C29-EE1641449043}.Debug|Any CPU.Build.0 = Debug|Any CPU
		{72F5DF0F-DF61-420E-8C29-EE1641449043}.Release|Any CPU.ActiveCfg = Release|Any CPU
		{72F5DF0F-DF61-420E-8C29-EE1641449043}.Release|Any CPU.Build.0 = Release|Any CPU
	EndGlobalSection
	GlobalSection(SolutionProperties) = preSolution
		HideSolutionNode = FALSE
	EndGlobalSection
	GlobalSection(ExtensibilityGlobals) = postSolution
		SolutionGuid = {DDE0866C-4868-4266-A17F-B8F2834CC61A}
	EndGlobalSection
EndGlobal
